
Microsoft Visual Studio Solution File, Format Version 12.00
# Visual Studio 15
VisualStudioVersion = 15.0.27004.2009
MinimumVisualStudioVersion = 10.0.40219.1
Project("{FAE04EC0-301F-11D3-BF4B-00C04F79EFBC}") = "WindowsFormsApp1", "WindowsFormsApp1.csproj", "{D3E14FDA-00ED-4C6A-B112-723B06E1F041}"
EndProject
Global
	GlobalSection(SolutionConfigurationPlatforms) = preSolution
		Debug|Any CPU = Debug|Any CPU
		Release|Any CPU = Release|Any CPU
	EndGlobalSection
	GlobalSection(ProjectConfigurationPlatforms) = postSolution
		{D3E14FDA-00ED-4C6A-B112-723B06E1F041}.Debug|Any CPU.ActiveCfg = Debug|Any CPU
		{D3E14FDA-00ED-4C6A-B112-723B06E1F041}.Debug|Any CPU.Build.0 = Debug|Any CPU
		{D3E14FDA-00ED-4C6A-B112-723B06E1F041}.Release|Any CPU.ActiveCfg = Release|Any CPU
		{D3E14FDA-00ED-4C6A-B112-723B06E1F041}.Release|Any CPU.Build.0 = Release|Any CPU
	EndGlobalSection
	GlobalSection(SolutionProperties) = preSolution
		HideSolutionNode = FALSE
	EndGlobalSection
	GlobalSection(ExtensibilityGlobals) = postSolution
		SolutionGuid = {C796FE45-D06E-417D-9A64-8FF0A905AFE0}
	EndGlobalSection
EndGlobal
